{
  "name": "3d",
  "lockfileVersion": 3,
  "requires": true,
  "packages": {
    "": {
      "dependencies": {}
    },
    "node_modules/@studio-freight/lenis": {
      "version": "1.0.6",
      "resolved": "https://registry.npmjs.org/@studio-freight/lenis/-/lenis-1.0.6.tgz",
      "integrity": "sha512-g/cTDwra/6WsCGK6KTyfOlTAwJA5xFCJtRFNGM+Ge/oIOg2emLJKV+yTFATekjuCX4r7W5tcBp8LcQ2b+P6yuQ=="
    }
  }
}
